
Microsoft Visual Studio Solution File, Format Version 12.00
# Visual Studio Version 17
VisualStudioVersion = 17.6.33829.357
MinimumVisualStudioVersion = 10.0.40219.1
Project("{9A19103F-16F7-4668-BE54-9A1E7A4F7556}") = "StructBenchmarking", "StructBenchmarking.csproj", "{6E1A8880-88DF-4BF7-945B-589C440390F9}"
EndProject
Global
	GlobalSection(SolutionConfigurationPlatforms) = preSolution
		Debug|Any CPU = Debug|Any CPU
		Release|Any CPU = Release|Any CPU
	EndGlobalSection
	GlobalSection(ProjectConfigurationPlatforms) = postSolution
		{6E1A8880-88DF-4BF7-945B-589C440390F9}.Debug|Any CPU.ActiveCfg = Debug|Any CPU
		{6E1A8880-88DF-4BF7-945B-589C440390F9}.Debug|Any CPU.Build.0 = Debug|Any CPU
		{6E1A8880-88DF-4BF7-945B-589C440390F9}.Release|Any CPU.ActiveCfg = Release|Any CPU
		{6E1A8880-88DF-4BF7-945B-589C440390F9}.Release|Any CPU.Build.0 = Release|Any CPU
	EndGlobalSection
	GlobalSection(SolutionProperties) = preSolution
		HideSolutionNode = FALSE
	EndGlobalSection
	GlobalSection(ExtensibilityGlobals) = postSolution
		SolutionGuid = {63E1FFA8-7528-4B6A-8069-A6C820D5C680}
	EndGlobalSection
EndGlobal
